{
  "version": 4,
  "terraform_version": "1.1.3",
  "serial": 6,
  "lineage": "1e1f26e8-aeb0-cb80-16df-456163c25900",
  "outputs": {},
  "resources": [
    {
      "mode": "managed",
      "type": "kubernetes_cluster_role_binding",
      "name": "test",
      "provider": "provider[\"registry.terraform.io/hashicorp/kubernetes\"]",
      "instances": [
        {
          "schema_version": 0,
          "attributes": {
            "id": "test-user",
            "metadata": [
              {
                "annotations": null,
                "generation": 0,
                "labels": null,
                "name": "test-user",
                "resource_version": "1223",
                "uid": "9f2a2b69-9c7f-4d8b-a847-cd7db732d3bc"
              }
            ],
            "role_ref": [
              {
                "api_group": "rbac.authorization.k8s.io",
                "kind": "ClusterRole",
                "name": "admin"
              }
            ],
            "subject": [
              {
                "api_group": "",
                "kind": "ServiceAccount",
                "name": "test-user",
                "namespace": "default"
              }
            ]
          },
          "sensitive_attributes": [],
          "private": "bnVsbA==",
          "dependencies": [
            "kubernetes_service_account.test"
          ]
        }
      ]
    },
    {
      "mode": "managed",
      "type": "kubernetes_service_account",
      "name": "test",
      "provider": "provider[\"registry.terraform.io/hashicorp/kubernetes\"]",
      "instances": [
        {
          "schema_version": 0,
          "attributes": {
            "automount_service_account_token": true,
            "default_secret_name": "test-user-token-7rdk8",
            "id": "default/test-user",
            "image_pull_secret": [],
            "metadata": [
              {
                "annotations": null,
                "generate_name": "",
                "generation": 0,
                "labels": null,
                "name": "test-user",
                "namespace": "default",
                "resource_version": "1221",
                "uid": "c19fe615-3487-4298-9cc4-19d1860b58fa"
              }
            ],
            "secret": [],
            "timeouts": null
          },
          "sensitive_attributes": [],
          "private": "eyJlMmJmYjczMC1lY2FhLTExZTYtOGY4OC0zNDM2M2JjN2M0YzAiOnsiY3JlYXRlIjozMDAwMDAwMDAwMH19"
        }
      ]
    },
    {
      "module": "module.kubeconfig",
      "mode": "data",
      "type": "kubernetes_secret",
      "name": "service_account_default_secret",
      "provider": "provider[\"registry.terraform.io/hashicorp/kubernetes\"]",
      "instances": [
        {
          "schema_version": 0,
          "attributes": {
            "binary_data": null,
            "data": {
              "ca.crt": "-----BEGIN CERTIFICATE-----\nMIIDBjCCAe6gAwIBAgIBATANBgkqhkiG9w0BAQsFADAVMRMwEQYDVQQDEwptaW5p\na3ViZUNBMB4XDTIyMDUxMjEyMDkzNVoXDTMyMDUxMDEyMDkzNVowFTETMBEGA1UE\nAxMKbWluaWt1YmVDQTCCASIwDQYJKoZIhvcNAQEBBQADggEPADCCAQoCggEBAMYw\nClWmWFGYgzQ2B2H8NQBKA50MDnkLKAXmanRxU4YjFJTuQMmxYSt2oVV+Thhp2afi\n85DZ3I+x7Kf2VMLEao1GaQv0aHQxInqrxieJZ1RmYzoeuy7ehEy+EiH0t9cDlxZO\n0iA8jQaos6bPtSE3VVeWHkMyIaq2JxxC/8eOrwbO9UwdKFxSnWcSeoTVQBqIlMrk\n/GR3OEISlgFk60MQZgx57gZff0aUcmmMrtVnfngmWdsUzVaPqV7ImpylYDPpSc4P\nvlrNOV/ZjR9cyQ6InbQbGrvCGEFVqa+YdpFoVjYalJJibPs+ZWmVH77hFBXJ7kJd\nMkG1Xf4Ck1K5Gf/qZQcCAwEAAaNhMF8wDgYDVR0PAQH/BAQDAgKkMB0GA1UdJQQW\nMBQGCCsGAQUFBwMCBggrBgEFBQcDATAPBgNVHRMBAf8EBTADAQH/MB0GA1UdDgQW\nBBSWxOL14LIXpuQqekit3cjqwsBgODANBgkqhkiG9w0BAQsFAAOCAQEAbqrmb3Eo\nRNLfhkqdt4un7ux9cfKnknw92OwXgJHV42WEeu+Bk5FqtORcktEQEDxWSp0JSXSn\n6ogoYXi1PhfyH9/slGIhgXkZeeZ6Hxk4dT4Vq9NjfUS71HxSvuF7ZmglG4cJudex\nDm9M1F767OM0BJhO5SuT9ru6+0nghJgzc1DcNaxOWRu6Zsbib/QUdJbc905GooD0\nCzZOfAzpkjZUCVj1Nazct1qYkm2l5hCkwnH9hSHJPt9hGZ8jfZLScy9FJlNWA0c7\nk4W+gXsCmClldt8wnvvIOW2nf8v/wBzGl8VEra4hm/61knWOdA7m6mglZkofB2F5\nnbvVBqfRDigurQ==\n-----END CERTIFICATE-----\n",
              "namespace": "default",
              "token": "eyJhbGciOiJSUzI1NiIsImtpZCI6Ikh2UVZXd0tYVGxZMlhGM3NZSWVDWDVERlk1MXZOSXMtMWh4TWVUQkNyRVkifQ.eyJpc3MiOiJrdWJlcm5ldGVzL3NlcnZpY2VhY2NvdW50Iiwia3ViZXJuZXRlcy5pby9zZXJ2aWNlYWNjb3VudC9uYW1lc3BhY2UiOiJkZWZhdWx0Iiwia3ViZXJuZXRlcy5pby9zZXJ2aWNlYWNjb3VudC9zZWNyZXQubmFtZSI6InRlc3QtdXNlci10b2tlbi03cmRrOCIsImt1YmVybmV0ZXMuaW8vc2VydmljZWFjY291bnQvc2VydmljZS1hY2NvdW50Lm5hbWUiOiJ0ZXN0LXVzZXIiLCJrdWJlcm5ldGVzLmlvL3NlcnZpY2VhY2NvdW50L3NlcnZpY2UtYWNjb3VudC51aWQiOiJjMTlmZTYxNS0zNDg3LTQyOTgtOWNjNC0xOWQxODYwYjU4ZmEiLCJzdWIiOiJzeXN0ZW06c2VydmljZWFjY291bnQ6ZGVmYXVsdDp0ZXN0LXVzZXIifQ.FbPhuL9nMHTh6JEi8Pi4U_cpP091qsB5MyCI3MMRmo7UPSz3NG8zT1wx4GTAAaEE4l-vIGtscOZuNdAs92QmeLHcUZtMRWYxtK_72Y46hfWILFd0aZqjhdZAoc5YNXVksh1MYK578kRaBV652ZiGJ4Ja8WGAEMElVZlvqeJ7MTS3NNZthrcuruHI7okUazBpv3v8lOjsWW5dj3GydvBuOhwpAxn25d1MZ-3K4VuZNn79iOwLJ8ZqQEXYRjKUvTU5l4LgEZX4I1ZqH5ePp1LVXbPqeWAyfT3n-0w9erD5rI_WxRxXx7cn21hZc-U9DCFPf4FhXLyZfmwKIFwUVmi9PA"
            },
            "id": "default/test-user-token-7rdk8",
            "immutable": false,
            "metadata": [
              {
                "annotations": {},
                "generation": 0,
                "labels": {},
                "name": "test-user-token-7rdk8",
                "namespace": "default",
                "resource_version": "1220",
                "uid": "05d7b393-c7ad-43bf-b276-bc42cc8415e1"
              }
            ],
            "type": "kubernetes.io/service-account-token"
          },
          "sensitive_attributes": []
        }
      ]
    },
    {
      "module": "module.kubeconfig",
      "mode": "data",
      "type": "kubernetes_service_account",
      "name": "service_account",
      "provider": "provider[\"registry.terraform.io/hashicorp/kubernetes\"]",
      "instances": [
        {
          "schema_version": 0,
          "attributes": {
            "automount_service_account_token": true,
            "default_secret_name": "test-user-token-7rdk8",
            "id": "default/test-user",
            "image_pull_secret": [],
            "metadata": [
              {
                "annotations": {},
                "generation": 0,
                "labels": {},
                "name": "test-user",
                "namespace": "default",
                "resource_version": "1221",
                "uid": "c19fe615-3487-4298-9cc4-19d1860b58fa"
              }
            ],
            "secret": []
          },
          "sensitive_attributes": []
        }
      ]
    },
    {
      "module": "module.kubeconfig",
      "mode": "managed",
      "type": "random_string",
      "name": "unique_hash",
      "provider": "provider[\"registry.terraform.io/hashicorp/random\"]",
      "instances": [
        {
          "schema_version": 1,
          "attributes": {
            "id": "nnscam",
            "keepers": null,
            "length": 6,
            "lower": true,
            "min_lower": 0,
            "min_numeric": 0,
            "min_special": 0,
            "min_upper": 0,
            "number": false,
            "override_special": null,
            "result": "nnscam",
            "special": false,
            "upper": false
          },
          "sensitive_attributes": [],
          "private": "eyJzY2hlbWFfdmVyc2lvbiI6IjEifQ==",
          "dependencies": [
            "kubernetes_service_account.test"
          ]
        }
      ]
    }
  ]
}
